lockfileVersion: '9.0'

settings:
  autoInstallPeers: true
  excludeLinksFromLockfile: false

importers:

  .:
    dependencies:
      remixicon:
        specifier: ^4.9.1
        version: 4.9.1

packages:

  remixicon@4.9.1:
    resolution: {integrity: sha512-36gLSoujkabnCFZFDyP17VNh9piuBA/rsXUb4auSJWLGsHVXtmxLj/EM5FjaEAGnk8oIAj1Azob/DZ2N+90lAQ==}

snapshots:

  remixicon@4.9.1: {}
